// !$*UTF8*$!
{
	archiveVersion = 1;
	classes = {
	};
	objectVersion = 39;
	objects = {
		C4042B2E055B12F00068D9B2 = {
			buildPhases = (
				C4042B2F055B12F00068D9B2,
				C4042B39055B12F00068D9B2,
				C4042B42055B12F00068D9B2,
				C46AE81D074AC4E000714F79,
			);
			buildRules = (
			);
			buildSettings = {
				FRAMEWORK_SEARCH_PATHS = "../../libs/Atlas-C++/build ../../libs/skstream/build /Users/jmt/Worldforge/forge/libs/Atlas-C++/build";
				GCC_OPTIMIZATION_LEVEL = 0;
				GCC_PREPROCESSOR_DEFINITIONS = ATLAS_ELEMENT_TYPEDEF_PRIVATE;
				GCC_WARN_FOUR_CHARACTER_CONSTANTS = NO;
				GCC_WARN_UNKNOWN_PRAGMAS = NO;
				HEADER_SEARCH_PATHS = /sw/include/python2.2;
				LIBRARY_SEARCH_PATHS = /sw/lib/python2.2/config;
				OTHER_CFLAGS = "";
				OTHER_REZFLAGS = "";
				PRODUCT_NAME = process;
				SECTORDER_FLAGS = "";
				ZERO_LINK = NO;
			};
			dependencies = (
			);
			isa = PBXNativeTarget;
			name = process;
			productInstallPath = /usr/local/bin;
			productName = process;
			productReference = C4042B49055B12F00068D9B2;
			productType = "com.apple.product-type.tool";
		};
		C4042B2F055B12F00068D9B2 = {
			buildActionMask = 2147483647;
			files = (
				C4042B30055B12F00068D9B2,
				C4042B31055B12F00068D9B2,
				C4042B33055B12F00068D9B2,
				C4042B34055B12F00068D9B2,
				C4042B35055B12F00068D9B2,
				C4042B36055B12F00068D9B2,
				C4042B37055B12F00068D9B2,
				C4042B38055B12F00068D9B2,
			);
			isa = PBXHeadersBuildPhase;
			runOnlyForDeploymentPostprocessing = 0;
		};
		C4042B30055B12F00068D9B2 = {
			fileRef = C485813A054ECF2800A800CF;
			isa = PBXBuildFile;
			settings = {
			};
		};
		C4042B31055B12F00068D9B2 = {
			fileRef = C485813E054ECF2800A800CF;
			isa = PBXBuildFile;
			settings = {
			};
		};
		C4042B33055B12F00068D9B2 = {
			fileRef = C4858144054ECF2800A800CF;
			isa = PBXBuildFile;
			settings = {
			};
		};
		C4042B34055B12F00068D9B2 = {
			fileRef = C48581710550714600A800CF;
			isa = PBXBuildFile;
			settings = {
			};
		};
		C4042B35055B12F00068D9B2 = {
			fileRef = C485819405513FD300A800CF;
			isa = PBXBuildFile;
			settings = {
			};
		};
		C4042B36055B12F00068D9B2 = {
			fileRef = C485819605513FD300A800CF;
			isa = PBXBuildFile;
			settings = {
			};
		};
		C4042B37055B12F00068D9B2 = {
			fileRef = C4858136054ECF2800A800CF;
			isa = PBXBuildFile;
			settings = {
			};
		};
		C4042B38055B12F00068D9B2 = {
			fileRef = C48581AB0551A8F300A800CF;
			isa = PBXBuildFile;
			settings = {
			};
		};
		C4042B39055B12F00068D9B2 = {
			buildActionMask = 2147483647;
			files = (
				C4042B3A055B12F00068D9B2,
				C4042B3B055B12F00068D9B2,
				C4042B3C055B12F00068D9B2,
				C4042B3D055B12F00068D9B2,
				C4042B3E055B12F00068D9B2,
				C4042B3F055B12F00068D9B2,
				C4042B40055B12F00068D9B2,
				C4042B41055B12F00068D9B2,
			);
			isa = PBXSourcesBuildPhase;
			runOnlyForDeploymentPostprocessing = 0;
		};
		C4042B3A055B12F00068D9B2 = {
			fileRef = C485813B054ECF2800A800CF;
			isa = PBXBuildFile;
			settings = {
			};
		};
		C4042B3B055B12F00068D9B2 = {
			fileRef = C485813D054ECF2800A800CF;
			isa = PBXBuildFile;
			settings = {
			};
		};
		C4042B3C055B12F00068D9B2 = {
			fileRef = C4858142054ECF2800A800CF;
			isa = PBXBuildFile;
			settings = {
			};
		};
		C4042B3D055B12F00068D9B2 = {
			fileRef = C48581700550714600A800CF;
			isa = PBXBuildFile;
			settings = {
			};
		};
		C4042B3E055B12F00068D9B2 = {
			fileRef = C485819305513FD300A800CF;
			isa = PBXBuildFile;
			settings = {
			};
		};
		C4042B3F055B12F00068D9B2 = {
			fileRef = C485819505513FD300A800CF;
			isa = PBXBuildFile;
			settings = {
			};
		};
		C4042B40055B12F00068D9B2 = {
			fileRef = C485813C054ECF2800A800CF;
			isa = PBXBuildFile;
			settings = {
			};
		};
		C4042B41055B12F00068D9B2 = {
			fileRef = C48581AA0551A8F300A800CF;
			isa = PBXBuildFile;
			settings = {
			};
		};
		C4042B42055B12F00068D9B2 = {
			buildActionMask = 2147483647;
			files = (
				C4DE413C055B16450091BF9A,
				C4DE4B9F055BCF3A0091BF9A,
				C46AE85C074AC5D200714F79,
			);
			isa = PBXFrameworksBuildPhase;
			runOnlyForDeploymentPostprocessing = 0;
		};
		C4042B49055B12F00068D9B2 = {
			explicitFileType = "compiled.mach-o.executable";
			includeInIndex = 0;
			isa = PBXFileReference;
			path = process;
			refType = 3;
			sourceTree = BUILT_PRODUCTS_DIR;
		};
		C418BA7E07A0484100FEE5B5 = {
			fileEncoding = 30;
			isa = PBXFileReference;
			lastKnownFileType = sourcecode.cpp.cpp;
			path = Scheduler.cpp;
			refType = 4;
			sourceTree = "<group>";
		};
		C418BA7F07A0484100FEE5B5 = {
			fileEncoding = 30;
			isa = PBXFileReference;
			lastKnownFileType = sourcecode.c.h;
			path = Scheduler.h;
			refType = 4;
			sourceTree = "<group>";
		};
		C418BA8007A0484600FEE5B5 = {
			fileRef = C418BA7E07A0484100FEE5B5;
			isa = PBXBuildFile;
			settings = {
			};
		};
		C42F179F079F2A340086A3EA = {
			fileEncoding = 30;
			isa = PBXFileReference;
			lastKnownFileType = sourcecode.cpp.cpp;
			path = Character.cpp;
			refType = 4;
			sourceTree = "<group>";
		};
		C42F17A0079F2A340086A3EA = {
			fileRef = C42F179F079F2A340086A3EA;
			isa = PBXBuildFile;
			settings = {
			};
		};
		C459191507A8617E00130471 = {
			fileEncoding = 30;
			isa = PBXFileReference;
			lastKnownFileType = sourcecode.cpp.cpp;
			path = Action.cpp;
			refType = 4;
			sourceTree = "<group>";
		};
		C459191607A8617E00130471 = {
			fileEncoding = 30;
			isa = PBXFileReference;
			lastKnownFileType = sourcecode.c.h;
			path = Action.h;
			refType = 4;
			sourceTree = "<group>";
		};
		C459191707A8617E00130471 = {
			fileRef = C459191507A8617E00130471;
			isa = PBXBuildFile;
			settings = {
			};
		};
		C459191807A8617E00130471 = {
			fileRef = C459191607A8617E00130471;
			isa = PBXBuildFile;
			settings = {
			};
		};
		C46AE81D074AC4E000714F79 = {
			buildActionMask = 2147483647;
			dstPath = "";
			dstSubfolderSpec = 16;
			files = (
				C46AE85A074AC5B200714F79,
			);
			isa = PBXCopyFilesBuildPhase;
			runOnlyForDeploymentPostprocessing = 0;
		};
		C46AE85A074AC5B200714F79 = {
			fileRef = C4DE4B9E055BCF3A0091BF9A;
			isa = PBXBuildFile;
			settings = {
			};
		};
		C46AE85B074AC5D200714F79 = {
			isa = PBXFileReference;
			lastKnownFileType = wrapper.framework;
			name = Python.framework;
			path = /System/Library/Frameworks/Python.framework;
			refType = 0;
			sourceTree = "<absolute>";
		};
		C46AE85C074AC5D200714F79 = {
			fileRef = C46AE85B074AC5D200714F79;
			isa = PBXBuildFile;
			settings = {
			};
		};
		C4858134054ECED600A800CF = {
			children = (
				C485813D054ECF2800A800CF,
				C4858144054ECF2800A800CF,
				C4858138054ECF2800A800CF,
				C4858146054ECF2800A800CF,
				C4858141054ECF2800A800CF,
				C485813B054ECF2800A800CF,
				C485813E054ECF2800A800CF,
				C4858142054ECF2800A800CF,
				C485813A054ECF2800A800CF,
				C485819305513FD300A800CF,
				C485819405513FD300A800CF,
				C485819505513FD300A800CF,
				C485819605513FD300A800CF,
				C485813C054ECF2800A800CF,
				C4858136054ECF2800A800CF,
				C48581700550714600A800CF,
				C48581710550714600A800CF,
				C48581AA0551A8F300A800CF,
				C48581AB0551A8F300A800CF,
			);
			isa = PBXGroup;
			path = src;
			refType = 4;
			sourceTree = "<group>";
		};
		C4858136054ECF2800A800CF = {
			fileEncoding = 30;
			isa = PBXFileReference;
			lastKnownFileType = sourcecode.c.h;
			path = testOOG.h;
			refType = 4;
			sourceTree = "<group>";
		};
		C4858138054ECF2800A800CF = {
			fileEncoding = 30;
			isa = PBXFileReference;
			lastKnownFileType = sourcecode.cpp.cpp;
			path = gobshite.cpp;
			refType = 4;
			sourceTree = "<group>";
		};
		C485813A054ECF2800A800CF = {
			fileEncoding = 30;
			isa = PBXFileReference;
			lastKnownFileType = sourcecode.c.h;
			path = pythonInterface.h;
			refType = 4;
			sourceTree = "<group>";
		};
		C485813B054ECF2800A800CF = {
			fileEncoding = 30;
			isa = PBXFileReference;
			lastKnownFileType = sourcecode.cpp.cpp;
			path = process.cpp;
			refType = 4;
			sourceTree = "<group>";
		};
		C485813C054ECF2800A800CF = {
			fileEncoding = 30;
			isa = PBXFileReference;
			lastKnownFileType = sourcecode.cpp.cpp;
			path = testOOG.cpp;
			refType = 4;
			sourceTree = "<group>";
		};
		C485813D054ECF2800A800CF = {
			fileEncoding = 30;
			isa = PBXFileReference;
			lastKnownFileType = sourcecode.cpp.cpp;
			path = ClientConnection.cpp;
			refType = 4;
			sourceTree = "<group>";
		};
		C485813E054ECF2800A800CF = {
			fileEncoding = 30;
			isa = PBXFileReference;
			lastKnownFileType = sourcecode.c.h;
			path = process_debug.h;
			refType = 4;
			sourceTree = "<group>";
		};
		C4858141054ECF2800A800CF = {
			fileEncoding = 30;
			isa = PBXFileReference;
			lastKnownFileType = sourcecode.c.h;
			path = opfwd.h;
			refType = 4;
			sourceTree = "<group>";
		};
		C4858142054ECF2800A800CF = {
			fileEncoding = 30;
			isa = PBXFileReference;
			lastKnownFileType = sourcecode.cpp.cpp;
			path = pythonInterface.cpp;
			refType = 4;
			sourceTree = "<group>";
		};
		C4858144054ECF2800A800CF = {
			fileEncoding = 30;
			isa = PBXFileReference;
			lastKnownFileType = sourcecode.c.h;
			path = ClientConnection.h;
			refType = 4;
			sourceTree = "<group>";
		};
		C4858146054ECF2800A800CF = {
			fileEncoding = 30;
			isa = PBXFileReference;
			lastKnownFileType = sourcecode.c.h;
			path = iotraits.h;
			refType = 4;
			sourceTree = "<group>";
		};
		C48581700550714600A800CF = {
			fileEncoding = 30;
			isa = PBXFileReference;
			lastKnownFileType = sourcecode.cpp.cpp;
			path = tests.cpp;
			refType = 4;
			sourceTree = "<group>";
		};
		C48581710550714600A800CF = {
			fileEncoding = 30;
			isa = PBXFileReference;
			lastKnownFileType = sourcecode.c.h;
			path = tests.h;
			refType = 4;
			sourceTree = "<group>";
		};
		C485819305513FD300A800CF = {
			fileEncoding = 30;
			isa = PBXFileReference;
			lastKnownFileType = sourcecode.cpp.cpp;
			path = testCharacter.cpp;
			refType = 4;
			sourceTree = "<group>";
		};
		C485819405513FD300A800CF = {
			fileEncoding = 30;
			isa = PBXFileReference;
			lastKnownFileType = sourcecode.c.h;
			path = testCharacter.h;
			refType = 4;
			sourceTree = "<group>";
		};
		C485819505513FD300A800CF = {
			fileEncoding = 30;
			isa = PBXFileReference;
			lastKnownFileType = sourcecode.cpp.cpp;
			path = testIG.cpp;
			refType = 4;
			sourceTree = "<group>";
		};
		C485819605513FD300A800CF = {
			fileEncoding = 30;
			isa = PBXFileReference;
			lastKnownFileType = sourcecode.c.h;
			path = testIG.h;
			refType = 4;
			sourceTree = "<group>";
		};
		C48581AA0551A8F300A800CF = {
			fileEncoding = 30;
			isa = PBXFileReference;
			lastKnownFileType = sourcecode.cpp.cpp;
			path = testLogin.cpp;
			refType = 4;
			sourceTree = "<group>";
		};
		C48581AB0551A8F300A800CF = {
			fileEncoding = 30;
			isa = PBXFileReference;
			lastKnownFileType = sourcecode.c.h;
			path = testLogin.h;
			refType = 4;
			sourceTree = "<group>";
		};
		C491F583054952C800A800CF = {
			children = (
				C4F73AB9079DC70F0040A5B4,
				C4858134054ECED600A800CF,
				C49DBC08054DD79800A800CF,
				C491F58E054952D700A800CF,
			);
			isa = PBXGroup;
			refType = 4;
			sourceTree = "<group>";
		};
		C491F585054952C800A800CF = {
			buildSettings = {
				COPY_PHASE_STRIP = NO;
				GCC_DYNAMIC_NO_PIC = NO;
				GCC_ENABLE_FIX_AND_CONTINUE = YES;
				GCC_GENERATE_DEBUGGING_SYMBOLS = YES;
				GCC_OPTIMIZATION_LEVEL = 0;
				ZERO_LINK = YES;
			};
			isa = PBXBuildStyle;
			name = Development;
		};
		C491F586054952C800A800CF = {
			buildSettings = {
				COPY_PHASE_STRIP = YES;
				GCC_ENABLE_FIX_AND_CONTINUE = NO;
				ZERO_LINK = NO;
			};
			isa = PBXBuildStyle;
			name = Deployment;
		};
		C491F587054952C800A800CF = {
			buildSettings = {
			};
			buildStyles = (
				C491F585054952C800A800CF,
				C491F586054952C800A800CF,
			);
			hasScannedForEncodings = 1;
			isa = PBXProject;
			mainGroup = C491F583054952C800A800CF;
			productRefGroup = C491F58E054952D700A800CF;
			projectDirPath = "";
			targets = (
				C4042B2E055B12F00068D9B2,
				C4F739E6079DC4A10040A5B4,
			);
		};
		C491F58E054952D700A800CF = {
			children = (
				C4042B49055B12F00068D9B2,
				C4F739E7079DC4A10040A5B4,
			);
			isa = PBXGroup;
			name = Products;
			refType = 4;
			sourceTree = "<group>";
		};
		C49DBC08054DD79800A800CF = {
			children = (
				C4F73AC1079DC7A10040A5B4,
				C4F739EA079DC53C0040A5B4,
				C4F739E9079DC51F0040A5B4,
				C46AE85B074AC5D200714F79,
				C4DE413B055B16450091BF9A,
				C4DE4B9E055BCF3A0091BF9A,
			);
			isa = PBXGroup;
			name = Frameworks;
			refType = 4;
			sourceTree = "<group>";
		};
		C4DE413B055B16450091BF9A = {
			isa = PBXFileReference;
			lastKnownFileType = wrapper.framework;
			name = Atlas.framework;
			path = "../../libs/Atlas-C++/build/Atlas.framework";
			refType = 2;
			sourceTree = SOURCE_ROOT;
		};
		C4DE413C055B16450091BF9A = {
			fileRef = C4DE413B055B16450091BF9A;
			isa = PBXBuildFile;
			settings = {
			};
		};
		C4DE4B9E055BCF3A0091BF9A = {
			isa = PBXFileReference;
			lastKnownFileType = wrapper.framework;
			name = skstream.framework;
			path = ../../../libs/skstream/build/skstream.framework;
			refType = 3;
			sourceTree = BUILT_PRODUCTS_DIR;
		};
		C4DE4B9F055BCF3A0091BF9A = {
			fileRef = C4DE4B9E055BCF3A0091BF9A;
			isa = PBXBuildFile;
			settings = {
			};
		};
		C4DE9D6707A1B5FF00CB3E24 = {
			buildActionMask = 2147483647;
			dstPath = "";
			dstSubfolderSpec = 16;
			files = (
				C4DE9DDF07A1B64700CB3E24,
				C4DE9DBA07A1B64500CB3E24,
				C4DE9DB707A1B64200CB3E24,
				C4DE9DB607A1B63F00CB3E24,
				C459191807A8617E00130471,
			);
			isa = PBXCopyFilesBuildPhase;
			runOnlyForDeploymentPostprocessing = 0;
		};
		C4DE9DB607A1B63F00CB3E24 = {
			fileRef = C4DE413B055B16450091BF9A;
			isa = PBXBuildFile;
			settings = {
			};
		};
		C4DE9DB707A1B64200CB3E24 = {
			fileRef = C4DE4B9E055BCF3A0091BF9A;
			isa = PBXBuildFile;
			settings = {
			};
		};
		C4DE9DBA07A1B64500CB3E24 = {
			fileRef = C4F739EA079DC53C0040A5B4;
			isa = PBXBuildFile;
			settings = {
			};
		};
		C4DE9DDF07A1B64700CB3E24 = {
			fileRef = C4F739E9079DC51F0040A5B4;
			isa = PBXBuildFile;
			settings = {
			};
		};
		C4F739E4079DC4A10040A5B4 = {
			buildActionMask = 2147483647;
			files = (
				C4F73ABC079DC70F0040A5B4,
				C4F73ACB079DCA000040A5B4,
				C42F17A0079F2A340086A3EA,
				C418BA8007A0484600FEE5B5,
				C459191707A8617E00130471,
			);
			isa = PBXSourcesBuildPhase;
			runOnlyForDeploymentPostprocessing = 0;
		};
		C4F739E5079DC4A10040A5B4 = {
			buildActionMask = 2147483647;
			files = (
				C4F73AB4079DC5740040A5B4,
				C4F73AB5079DC5740040A5B4,
				C4F73AB6079DC5740040A5B4,
				C4F73AC2079DC7A10040A5B4,
			);
			isa = PBXFrameworksBuildPhase;
			runOnlyForDeploymentPostprocessing = 0;
		};
		C4F739E6079DC4A10040A5B4 = {
			buildPhases = (
				C4F739E4079DC4A10040A5B4,
				C4F739E5079DC4A10040A5B4,
				C4DE9D6707A1B5FF00CB3E24,
			);
			buildRules = (
			);
			buildSettings = {
				FRAMEWORK_SEARCH_PATHS = "../../libs/Atlas-C++/build ../../libs/eris/build ../../libs/wfmath/build ../../libs/skstream/build";
				GCC_PREPROCESSOR_DEFINITIONS = ATLAS_ELEMENT_TYPEDEF_PRIVATE;
				HEADER_SEARCH_PATHS = "";
				INSTALL_PATH = /usr/local/bin;
				OTHER_CFLAGS = "";
				OTHER_LDFLAGS = "";
				OTHER_REZFLAGS = "";
				PRODUCT_NAME = fuckwad;
				SECTORDER_FLAGS = "";
				WARNING_CFLAGS = "-Wall -Wno-unknown-pragmas";
			};
			dependencies = (
			);
			isa = PBXNativeTarget;
			name = Fuckwad;
			productName = Fuckwad;
			productReference = C4F739E7079DC4A10040A5B4;
			productType = "com.apple.product-type.tool";
		};
		C4F739E7079DC4A10040A5B4 = {
			explicitFileType = "compiled.mach-o.executable";
			includeInIndex = 0;
			isa = PBXFileReference;
			path = fuckwad;
			refType = 3;
			sourceTree = BUILT_PRODUCTS_DIR;
		};
		C4F739E9079DC51F0040A5B4 = {
			isa = PBXFileReference;
			lastKnownFileType = wrapper.framework;
			name = Eris.framework;
			path = /Users/jmt/Worldforge/forge/libs/eris/build/Eris.framework;
			refType = 0;
			sourceTree = "<absolute>";
		};
		C4F739EA079DC53C0040A5B4 = {
			isa = PBXFileReference;
			lastKnownFileType = wrapper.framework;
			name = wfmath.framework;
			path = /Users/jmt/Worldforge/forge/libs/wfmath/build/wfmath.framework;
			refType = 0;
			sourceTree = "<absolute>";
		};
		C4F73AB4079DC5740040A5B4 = {
			fileRef = C4F739EA079DC53C0040A5B4;
			isa = PBXBuildFile;
			settings = {
			};
		};
		C4F73AB5079DC5740040A5B4 = {
			fileRef = C4F739E9079DC51F0040A5B4;
			isa = PBXBuildFile;
			settings = {
			};
		};
		C4F73AB6079DC5740040A5B4 = {
			fileRef = C4DE413B055B16450091BF9A;
			isa = PBXBuildFile;
			settings = {
			};
		};
		C4F73AB9079DC70F0040A5B4 = {
			children = (
				C459191507A8617E00130471,
				C459191607A8617E00130471,
				C418BA7E07A0484100FEE5B5,
				C418BA7F07A0484100FEE5B5,
				C42F179F079F2A340086A3EA,
				C4F73AD0079DE0E20040A5B4,
				C4F73ACA079DCA000040A5B4,
				C4F73ABA079DC70F0040A5B4,
				C4F73ABB079DC70F0040A5B4,
			);
			isa = PBXGroup;
			path = loadtool;
			refType = 4;
			sourceTree = "<group>";
		};
		C4F73ABA079DC70F0040A5B4 = {
			fileEncoding = 30;
			isa = PBXFileReference;
			lastKnownFileType = sourcecode.cpp.cpp;
			path = main.cpp;
			refType = 4;
			sourceTree = "<group>";
		};
		C4F73ABB079DC70F0040A5B4 = {
			fileEncoding = 30;
			isa = PBXFileReference;
			lastKnownFileType = sourcecode.c.h;
			path = User.h;
			refType = 4;
			sourceTree = "<group>";
		};
		C4F73ABC079DC70F0040A5B4 = {
			fileRef = C4F73ABA079DC70F0040A5B4;
			isa = PBXBuildFile;
			settings = {
			};
		};
		C4F73AC1079DC7A10040A5B4 = {
			isa = PBXFileReference;
			lastKnownFileType = wrapper.framework;
			name = "sigc++.framework";
			path = "/Library/Frameworks/sigc++.framework";
			refType = 0;
			sourceTree = "<absolute>";
		};
		C4F73AC2079DC7A10040A5B4 = {
			fileRef = C4F73AC1079DC7A10040A5B4;
			isa = PBXBuildFile;
			settings = {
			};
		};
		C4F73ACA079DCA000040A5B4 = {
			fileEncoding = 30;
			isa = PBXFileReference;
			lastKnownFileType = sourcecode.cpp.cpp;
			path = User.cpp;
			refType = 4;
			sourceTree = "<group>";
		};
		C4F73ACB079DCA000040A5B4 = {
			fileRef = C4F73ACA079DCA000040A5B4;
			isa = PBXBuildFile;
			settings = {
			};
		};
		C4F73AD0079DE0E20040A5B4 = {
			fileEncoding = 30;
			isa = PBXFileReference;
			lastKnownFileType = sourcecode.c.h;
			path = Character.h;
			refType = 4;
			sourceTree = "<group>";
		};
	};
	rootObject = C491F587054952C800A800CF;
}
